
Microsoft Visual Studio Solution File, Format Version 12.00
# Visual Studio Version 17
VisualStudioVersion = 17.1.32210.238
MinimumVisualStudioVersion = 10.0.40219.1
Project("{FAE04EC0-301F-11D3-BF4B-00C04F79EFBC}") = "Polizia", "Polizia\Polizia.csproj", "{FF6B0096-7BB2-4D6C-942F-F173AC03F99F}"
EndProject
Global
	GlobalSection(SolutionConfigurationPlatforms) = preSolution
		Debug|Any CPU = Debug|Any CPU
		Release|Any CPU = Release|Any CPU
	EndGlobalSection
	GlobalSection(ProjectConfigurationPlatforms) = postSolution
		{FF6B0096-7BB2-4D6C-942F-F173AC03F99F}.Debug|Any CPU.ActiveCfg = Debug|Any CPU
		{FF6B0096-7BB2-4D6C-942F-F173AC03F99F}.Debug|Any CPU.Build.0 = Debug|Any CPU
		{FF6B0096-7BB2-4D6C-942F-F173AC03F99F}.Release|Any CPU.ActiveCfg = Release|Any CPU
		{FF6B0096-7BB2-4D6C-942F-F173AC03F99F}.Release|Any CPU.Build.0 = Release|Any CPU
	EndGlobalSection
	GlobalSection(SolutionProperties) = preSolution
		HideSolutionNode = FALSE
	EndGlobalSection
	GlobalSection(ExtensibilityGlobals) = postSolution
		SolutionGuid = {65350844-0E9F-479C-9086-0378D4BC883B}
	EndGlobalSection
EndGlobal
